// !$*UTF8*$!
{
	archiveVersion = 1;
	classes = {
	};
	objectVersion = 50;
	objects = {

/* Begin PBXBuildFile section */
		1C3A59232357EE2D002A0E4E /* Location+MKAnnotation.swift in Sources */ = {isa = PBXBuildFile; fileRef = 1C3A59222357EE2D002A0E4E /* Location+MKAnnotation.swift */; };
		1C3A592B2357F6AD002A0E4E /* TripLogsViewController.swift in Sources */ = {isa = PBXBuildFile; fileRef = 1C3A592A2357F6AD002A0E4E /* TripLogsViewController.swift */; };
		1C3A59352359188B002A0E4E /* SettingsViewController.swift in Sources */ = {isa = PBXBuildFile; fileRef = 1C3A59342359188B002A0E4E /* SettingsViewController.swift */; };
		1C3A593723594628002A0E4E /* LocationAccuracy.swift in Sources */ = {isa = PBXBuildFile; fileRef = 1C3A593623594628002A0E4E /* LocationAccuracy.swift */; };
		1C3A593923594643002A0E4E /* LocationDistanceFilter.swift in Sources */ = {isa = PBXBuildFile; fileRef = 1C3A593823594643002A0E4E /* LocationDistanceFilter.swift */; };
		1C3A593B23594678002A0E4E /* LocationSettings.swift in Sources */ = {isa = PBXBuildFile; fileRef = 1C3A593A23594678002A0E4E /* LocationSettings.swift */; };
		1C3A593D235946BF002A0E4E /* CLActivityTypeExtension.swift in Sources */ = {isa = PBXBuildFile; fileRef = 1C3A593C235946BF002A0E4E /* CLActivityTypeExtension.swift */; };
		1C3A593F23594723002A0E4E /* SettingsViewController+TableView.swift in Sources */ = {isa = PBXBuildFile; fileRef = 1C3A593E23594723002A0E4E /* SettingsViewController+TableView.swift */; };
		1CB31039235527D500C40462 /* AppDelegate.swift in Sources */ = {isa = PBXBuildFile; fileRef = 1CB31038235527D500C40462 /* AppDelegate.swift */; };
		1CB31040235527D500C40462 /* Main.storyboard in Resources */ = {isa = PBXBuildFile; fileRef = 1CB3103E235527D500C40462 /* Main.storyboard */; };
		1CB31042235527D500C40462 /* Assets.xcassets in Resources */ = {isa = PBXBuildFile; fileRef = 1CB31041235527D500C40462 /* Assets.xcassets */; };
		1CB31045235527D500C40462 /* LaunchScreen.storyboard in Resources */ = {isa = PBXBuildFile; fileRef = 1CB31043235527D500C40462 /* LaunchScreen.storyboard */; };
		1CB31050235527D500C40462 /* MileageGPSTrackingPOCTests.swift in Sources */ = {isa = PBXBuildFile; fileRef = 1CB3104F235527D500C40462 /* MileageGPSTrackingPOCTests.swift */; };
		1CB3105B235527D500C40462 /* MileageGPSTrackingPOCUITests.swift in Sources */ = {isa = PBXBuildFile; fileRef = 1CB3105A235527D500C40462 /* MileageGPSTrackingPOCUITests.swift */; };
		1CB3106C23552BC200C40462 /* StoryboardSupport.swift in Sources */ = {isa = PBXBuildFile; fileRef = 1CB3106B23552BC200C40462 /* StoryboardSupport.swift */; };
		1CB310A02356708000C40462 /* LocationManager.swift in Sources */ = {isa = PBXBuildFile; fileRef = 1CB3109F2356708000C40462 /* LocationManager.swift */; };
		1CB310A4235672EA00C40462 /* TripViewController.swift in Sources */ = {isa = PBXBuildFile; fileRef = 1CB310A3235672EA00C40462 /* TripViewController.swift */; };
		1CB310AB235677ED00C40462 /* MileageGPSTracking.xcdatamodeld in Sources */ = {isa = PBXBuildFile; fileRef = 1CB310A9235677ED00C40462 /* MileageGPSTracking.xcdatamodeld */; };
		1CB310AE2356787F00C40462 /* CoreDataStack.swift in Sources */ = {isa = PBXBuildFile; fileRef = 1CB310AD2356787F00C40462 /* CoreDataStack.swift */; };
		1CB310B42356983000C40462 /* FormatDisplay.swift in Sources */ = {isa = PBXBuildFile; fileRef = 1CB310B22356983000C40462 /* FormatDisplay.swift */; };
		1CB310B52356983000C40462 /* UnitExtensions.swift in Sources */ = {isa = PBXBuildFile; fileRef = 1CB310B32356983000C40462 /* UnitExtensions.swift */; };
		1CE3B84A235B09190024B2C4 /* LocationSettingsServices.swift in Sources */ = {isa = PBXBuildFile; fileRef = 1CE3B849235B09190024B2C4 /* LocationSettingsServices.swift */; };
		1CE3B84C235B0F800024B2C4 /* PastTripsViewController.swift in Sources */ = {isa = PBXBuildFile; fileRef = 1CE3B84B235B0F800024B2C4 /* PastTripsViewController.swift */; };
		1CE3B84F235B10BA0024B2C4 /* PastTripTableViewCell.swift in Sources */ = {isa = PBXBuildFile; fileRef = 1CE3B84D235B10BA0024B2C4 /* PastTripTableViewCell.swift */; };
		1CE3B850235B10BA0024B2C4 /* PastTripTableViewCell.xib in Resources */ = {isa = PBXBuildFile; fileRef = 1CE3B84E235B10BA0024B2C4 /* PastTripTableViewCell.xib */; };
/* End PBXBuildFile section */

/* Begin PBXContainerItemProxy section */
		1CB3104C235527D500C40462 /* PBXContainerItemProxy */ = {
			isa = PBXContainerItemProxy;
			containerPortal = 1CB3102D235527D500C40462 /* Project object */;
			proxyType = 1;
			remoteGlobalIDString = 1CB31034235527D500C40462;
			remoteInfo = MileageGPSTrackingPOC;
		};
		1CB31057235527D500C40462 /* PBXContainerItemProxy */ = {
			isa = PBXContainerItemProxy;
			containerPortal = 1CB3102D235527D500C40462 /* Project object */;
			proxyType = 1;
			remoteGlobalIDString = 1CB31034235527D500C40462;
			remoteInfo = MileageGPSTrackingPOC;
		};
/* End PBXContainerItemProxy section */

/* Begin PBXFileReference section */
		1C3A59222357EE2D002A0E4E /* Location+MKAnnotation.swift */ = {isa = PBXFileReference; lastKnownFileType = sourcecode.swift; path = "Location+MKAnnotation.swift"; sourceTree = "<group>"; };
		1C3A592A2357F6AD002A0E4E /* TripLogsViewController.swift */ = {isa = PBXFileReference; lastKnownFileType = sourcecode.swift; path = TripLogsViewController.swift; sourceTree = "<group>"; };
		1C3A59342359188B002A0E4E /* SettingsViewController.swift */ = {isa = PBXFileReference; lastKnownFileType = sourcecode.swift; path = SettingsViewController.swift; sourceTree = "<group>"; };
		1C3A593623594628002A0E4E /* LocationAccuracy.swift */ = {isa = PBXFileReference; lastKnownFileType = sourcecode.swift; path = LocationAccuracy.swift; sourceTree = "<group>"; };
		1C3A593823594643002A0E4E /* LocationDistanceFilter.swift */ = {isa = PBXFileReference; lastKnownFileType = sourcecode.swift; path = LocationDistanceFilter.swift; sourceTree = "<group>"; };
		1C3A593A23594678002A0E4E /* LocationSettings.swift */ = {isa = PBXFileReference; lastKnownFileType = sourcecode.swift; path = LocationSettings.swift; sourceTree = "<group>"; };
		1C3A593C235946BF002A0E4E /* CLActivityTypeExtension.swift */ = {isa = PBXFileReference; lastKnownFileType = sourcecode.swift; path = CLActivityTypeExtension.swift; sourceTree = "<group>"; };
		1C3A593E23594723002A0E4E /* SettingsViewController+TableView.swift */ = {isa = PBXFileReference; lastKnownFileType = sourcecode.swift; path = "SettingsViewController+TableView.swift"; sourceTree = "<group>"; };
		1CB31035235527D500C40462 /* MileageGPSTrackingPOC.app */ = {isa = PBXFileReference; explicitFileType = wrapper.application; includeInIndex = 0; path = MileageGPSTrackingPOC.app; sourceTree = BUILT_PRODUCTS_DIR; };
		1CB31038235527D500C40462 /* AppDelegate.swift */ = {isa = PBXFileReference; lastKnownFileType = sourcecode.swift; path = AppDelegate.swift; sourceTree = "<group>"; };
		1CB3103F235527D500C40462 /* Base */ = {isa = PBXFileReference; lastKnownFileType = file.storyboard; name = Base; path = Base.lproj/Main.storyboard; sourceTree = "<group>"; };
		1CB31041235527D500C40462 /* Assets.xcassets */ = {isa = PBXFileReference; lastKnownFileType = folder.assetcatalog; path = Assets.xcassets; sourceTree = "<group>"; };
		1CB31044235527D500C40462 /* Base */ = {isa = PBXFileReference; lastKnownFileType = file.storyboard; name = Base; path = Base.lproj/LaunchScreen.storyboard; sourceTree = "<group>"; };
		1CB31046235527D500C40462 /* Info.plist */ = {isa = PBXFileReference; lastKnownFileType = text.plist.xml; path = Info.plist; sourceTree = "<group>"; };
		1CB3104B235527D500C40462 /* MileageGPSTrackingPOCTests.xctest */ = {isa = PBXFileReference; explicitFileType = wrapper.cfbundle; includeInIndex = 0; path = MileageGPSTrackingPOCTests.xctest; sourceTree = BUILT_PRODUCTS_DIR; };
		1CB3104F235527D500C40462 /* MileageGPSTrackingPOCTests.swift */ = {isa = PBXFileReference; lastKnownFileType = sourcecode.swift; path = MileageGPSTrackingPOCTests.swift; sourceTree = "<group>"; };
		1CB31051235527D500C40462 /* Info.plist */ = {isa = PBXFileReference; lastKnownFileType = text.plist.xml; path = Info.plist; sourceTree = "<group>"; };
		1CB31056235527D500C40462 /* MileageGPSTrackingPOCUITests.xctest */ = {isa = PBXFileReference; explicitFileType = wrapper.cfbundle; includeInIndex = 0; path = MileageGPSTrackingPOCUITests.xctest; sourceTree = BUILT_PRODUCTS_DIR; };
		1CB3105A235527D500C40462 /* MileageGPSTrackingPOCUITests.swift */ = {isa = PBXFileReference; lastKnownFileType = sourcecode.swift; path = MileageGPSTrackingPOCUITests.swift; sourceTree = "<group>"; };
		1CB3105C235527D500C40462 /* Info.plist */ = {isa = PBXFileReference; lastKnownFileType = text.plist.xml; path = Info.plist; sourceTree = "<group>"; };
		1CB3106B23552BC200C40462 /* StoryboardSupport.swift */ = {isa = PBXFileReference; fileEncoding = 4; lastKnownFileType = sourcecode.swift; path = StoryboardSupport.swift; sourceTree = "<group>"; };
		1CB3109F2356708000C40462 /* LocationManager.swift */ = {isa = PBXFileReference; lastKnownFileType = sourcecode.swift; path = LocationManager.swift; sourceTree = "<group>"; };
		1CB310A3235672EA00C40462 /* TripViewController.swift */ = {isa = PBXFileReference; lastKnownFileType = sourcecode.swift; path = TripViewController.swift; sourceTree = "<group>"; };
		1CB310AA235677ED00C40462 /* MileageGPSTracking.xcdatamodel */ = {isa = PBXFileReference; lastKnownFileType = wrapper.xcdatamodel; path = MileageGPSTracking.xcdatamodel; sourceTree = "<group>"; };
		1CB310AD2356787F00C40462 /* CoreDataStack.swift */ = {isa = PBXFileReference; lastKnownFileType = sourcecode.swift; path = CoreDataStack.swift; sourceTree = "<group>"; };
		1CB310B22356983000C40462 /* FormatDisplay.swift */ = {isa = PBXFileReference; fileEncoding = 4; lastKnownFileType = sourcecode.swift; path = FormatDisplay.swift; sourceTree = "<group>"; };
		1CB310B32356983000C40462 /* UnitExtensions.swift */ = {isa = PBXFileReference; fileEncoding = 4; lastKnownFileType = sourcecode.swift; path = UnitExtensions.swift; sourceTree = "<group>"; };
		1CE3B849235B09190024B2C4 /* LocationSettingsServices.swift */ = {isa = PBXFileReference; lastKnownFileType = sourcecode.swift; path = LocationSettingsServices.swift; sourceTree = "<group>"; };
		1CE3B84B235B0F800024B2C4 /* PastTripsViewController.swift */ = {isa = PBXFileReference; lastKnownFileType = sourcecode.swift; path = PastTripsViewController.swift; sourceTree = "<group>"; };
		1CE3B84D235B10BA0024B2C4 /* PastTripTableViewCell.swift */ = {isa = PBXFileReference; lastKnownFileType = sourcecode.swift; path = PastTripTableViewCell.swift; sourceTree = "<group>"; };
		1CE3B84E235B10BA0024B2C4 /* PastTripTableViewCell.xib */ = {isa = PBXFileReference; lastKnownFileType = file.xib; path = PastTripTableViewCell.xib; sourceTree = "<group>"; };
/* End PBXFileReference section */

/* Begin PBXFrameworksBuildPhase section */
		1CB31032235527D500C40462 /* Frameworks */ = {
			isa = PBXFrameworksBuildPhase;
			buildActionMask = 2147483647;
			files = (
			);
			runOnlyForDeploymentPostprocessing = 0;
		};
		1CB31048235527D500C40462 /* Frameworks */ = {
			isa = PBXFrameworksBuildPhase;
			buildActionMask = 2147483647;
			files = (
			);
			runOnlyForDeploymentPostprocessing = 0;
		};
		1CB31053235527D500C40462 /* Frameworks */ = {
			isa = PBXFrameworksBuildPhase;
			buildActionMask = 2147483647;
			files = (
			);
			runOnlyForDeploymentPostprocessing = 0;
		};
/* End PBXFrameworksBuildPhase section */

/* Begin PBXGroup section */
		1C3A59212357EE23002A0E4E /* Models */ = {
			isa = PBXGroup;
			children = (
				1C3A59222357EE2D002A0E4E /* Location+MKAnnotation.swift */,
				1C3A593623594628002A0E4E /* LocationAccuracy.swift */,
				1C3A593823594643002A0E4E /* LocationDistanceFilter.swift */,
				1C3A593A23594678002A0E4E /* LocationSettings.swift */,
				1C3A593C235946BF002A0E4E /* CLActivityTypeExtension.swift */,
			);
			path = Models;
			sourceTree = "<group>";
		};
		1C3A59242357F36C002A0E4E /* TripView */ = {
			isa = PBXGroup;
			children = (
				1CB310A3235672EA00C40462 /* TripViewController.swift */,
			);
			path = TripView;
			sourceTree = "<group>";
		};
		1C3A59282357F3FE002A0E4E /* PastTripsView */ = {
			isa = PBXGroup;
			children = (
				1CE3B84B235B0F800024B2C4 /* PastTripsViewController.swift */,
				1CE3B851235B10BF0024B2C4 /* Views */,
			);
			path = PastTripsView;
			sourceTree = "<group>";
		};
		1C3A59292357F694002A0E4E /* TripLogsView */ = {
			isa = PBXGroup;
			children = (
				1C3A592A2357F6AD002A0E4E /* TripLogsViewController.swift */,
			);
			path = TripLogsView;
			sourceTree = "<group>";
		};
		1C3A59332359187B002A0E4E /* SettingsView */ = {
			isa = PBXGroup;
			children = (
				1C3A59342359188B002A0E4E /* SettingsViewController.swift */,
				1C3A593E23594723002A0E4E /* SettingsViewController+TableView.swift */,
			);
			path = SettingsView;
			sourceTree = "<group>";
		};
		1CB3102C235527D500C40462 = {
			isa = PBXGroup;
			children = (
				1CB31037235527D500C40462 /* MileageGPSTrackingPOC */,
				1CB3104E235527D500C40462 /* MileageGPSTrackingPOCTests */,
				1CB31059235527D500C40462 /* MileageGPSTrackingPOCUITests */,
				1CB31036235527D500C40462 /* Products */,
			);
			sourceTree = "<group>";
		};
		1CB31036235527D500C40462 /* Products */ = {
			isa = PBXGroup;
			children = (
				1CB31035235527D500C40462 /* MileageGPSTrackingPOC.app */,
				1CB3104B235527D500C40462 /* MileageGPSTrackingPOCTests.xctest */,
				1CB31056235527D500C40462 /* MileageGPSTrackingPOCUITests.xctest */,
			);
			name = Products;
			sourceTree = "<group>";
		};
		1CB31037235527D500C40462 /* MileageGPSTrackingPOC */ = {
			isa = PBXGroup;
			children = (
				1CE3B848235B08FE0024B2C4 /* Services */,
				1CB31038235527D500C40462 /* AppDelegate.swift */,
				1C3A59212357EE23002A0E4E /* Models */,
				1CB310B12356981000C40462 /* Extensions */,
				1CB310B023568BAE00C40462 /* Managers */,
				1CB310AF23568B8E00C40462 /* Views */,
				1CB310AC2356787000C40462 /* CoreDataStack */,
				1CB3106E23552C0B00C40462 /* ViewControllers */,
				1CB3106D23552BE900C40462 /* Storyboards and Assets */,
				1CB31046235527D500C40462 /* Info.plist */,
				1CB3106A23552BC200C40462 /* Supporting Files */,
			);
			path = MileageGPSTrackingPOC;
			sourceTree = "<group>";
		};
		1CB3104E235527D500C40462 /* MileageGPSTrackingPOCTests */ = {
			isa = PBXGroup;
			children = (
				1CB3104F235527D500C40462 /* MileageGPSTrackingPOCTests.swift */,
				1CB31051235527D500C40462 /* Info.plist */,
			);
			path = MileageGPSTrackingPOCTests;
			sourceTree = "<group>";
		};
		1CB31059235527D500C40462 /* MileageGPSTrackingPOCUITests */ = {
			isa = PBXGroup;
			children = (
				1CB3105A235527D500C40462 /* MileageGPSTrackingPOCUITests.swift */,
				1CB3105C235527D500C40462 /* Info.plist */,
			);
			path = MileageGPSTrackingPOCUITests;
			sourceTree = "<group>";
		};
		1CB3106A23552BC200C40462 /* Supporting Files */ = {
			isa = PBXGroup;
			children = (
				1CB3106B23552BC200C40462 /* StoryboardSupport.swift */,
			);
			path = "Supporting Files";
			sourceTree = "<group>";
		};
		1CB3106D23552BE900C40462 /* Storyboards and Assets */ = {
			isa = PBXGroup;
			children = (
				1CB3103E235527D500C40462 /* Main.storyboard */,
				1CB31041235527D500C40462 /* Assets.xcassets */,
				1CB31043235527D500C40462 /* LaunchScreen.storyboard */,
			);
			path = "Storyboards and Assets";
			sourceTree = "<group>";
		};
		1CB3106E23552C0B00C40462 /* ViewControllers */ = {
			isa = PBXGroup;
			children = (
				1C3A59332359187B002A0E4E /* SettingsView */,
				1C3A59292357F694002A0E4E /* TripLogsView */,
				1C3A59282357F3FE002A0E4E /* PastTripsView */,
				1C3A59242357F36C002A0E4E /* TripView */,
			);
			path = ViewControllers;
			sourceTree = "<group>";
		};
		1CB310AC2356787000C40462 /* CoreDataStack */ = {
			isa = PBXGroup;
			children = (
				1CB310A9235677ED00C40462 /* MileageGPSTracking.xcdatamodeld */,
				1CB310AD2356787F00C40462 /* CoreDataStack.swift */,
			);
			path = CoreDataStack;
			sourceTree = "<group>";
		};
		1CB310AF23568B8E00C40462 /* Views */ = {
			isa = PBXGroup;
			children = (
			);
			path = Views;
			sourceTree = "<group>";
		};
		1CB310B023568BAE00C40462 /* Managers */ = {
			isa = PBXGroup;
			children = (
				1CB3109F2356708000C40462 /* LocationManager.swift */,
			);
			path = Managers;
			sourceTree = "<group>";
		};
		1CB310B12356981000C40462 /* Extensions */ = {
			isa = PBXGroup;
			children = (
				1CB310B22356983000C40462 /* FormatDisplay.swift */,
				1CB310B32356983000C40462 /* UnitExtensions.swift */,
			);
			path = Extensions;
			sourceTree = "<group>";
		};
		1CE3B848235B08FE0024B2C4 /* Services */ = {
			isa = PBXGroup;
			children = (
				1CE3B849235B09190024B2C4 /* LocationSettingsServices.swift */,
			);
			path = Services;
			sourceTree = "<group>";
		};
		1CE3B851235B10BF0024B2C4 /* Views */ = {
			isa = PBXGroup;
			children = (
				1CE3B84D235B10BA0024B2C4 /* PastTripTableViewCell.swift */,
				1CE3B84E235B10BA0024B2C4 /* PastTripTableViewCell.xib */,
			);
			path = Views;
			sourceTree = "<group>";
		};
/* End PBXGroup section */

/* Begin PBXNativeTarget section */
		1CB31034235527D500C40462 /* MileageGPSTrackingPOC */ = {
			isa = PBXNativeTarget;
			buildConfigurationList = 1CB3105F235527D500C40462 /* Build configuration list for PBXNativeTarget "MileageGPSTrackingPOC" */;
			buildPhases = (
				1CB31031235527D500C40462 /* Sources */,
				1CB31032235527D500C40462 /* Frameworks */,
				1CB31033235527D500C40462 /* Resources */,
			);
			buildRules = (
			);
			dependencies = (
			);
			name = MileageGPSTrackingPOC;
			productName = MileageGPSTrackingPOC;
			productReference = 1CB31035235527D500C40462 /* MileageGPSTrackingPOC.app */;
			productType = "com.apple.product-type.application";
		};
		1CB3104A235527D500C40462 /* MileageGPSTrackingPOCTests */ = {
			isa = PBXNativeTarget;
			buildConfigurationList = 1CB31062235527D500C40462 /* Build configuration list for PBXNativeTarget "MileageGPSTrackingPOCTests" */;
			buildPhases = (
				1CB31047235527D500C40462 /* Sources */,
				1CB31048235527D500C40462 /* Frameworks */,
				1CB31049235527D500C40462 /* Resources */,
			);
			buildRules = (
			);
			dependencies = (
				1CB3104D235527D500C40462 /* PBXTargetDependency */,
			);
			name = MileageGPSTrackingPOCTests;
			productName = MileageGPSTrackingPOCTests;
			productReference = 1CB3104B235527D500C40462 /* MileageGPSTrackingPOCTests.xctest */;
			productType = "com.apple.product-type.bundle.unit-test";
		};
		1CB31055235527D500C40462 /* MileageGPSTrackingPOCUITests */ = {
			isa = PBXNativeTarget;
			buildConfigurationList = 1CB31065235527D500C40462 /* Build configuration list for PBXNativeTarget "MileageGPSTrackingPOCUITests" */;
			buildPhases = (
				1CB31052235527D500C40462 /* Sources */,
				1CB31053235527D500C40462 /* Frameworks */,
				1CB31054235527D500C40462 /* Resources */,
			);
			buildRules = (
			);
			dependencies = (
				1CB31058235527D500C40462 /* PBXTargetDependency */,
			);
			name = MileageGPSTrackingPOCUITests;
			productName = MileageGPSTrackingPOCUITests;
			productReference = 1CB31056235527D500C40462 /* MileageGPSTrackingPOCUITests.xctest */;
			productType = "com.apple.product-type.bundle.ui-testing";
		};
/* End PBXNativeTarget section */

/* Begin PBXProject section */
		1CB3102D235527D500C40462 /* Project object */ = {
			isa = PBXProject;
			attributes = {
				LastSwiftUpdateCheck = 1110;
				LastUpgradeCheck = 1110;
				ORGANIZATIONNAME = "Ingrid Silapan";
				TargetAttributes = {
					1CB31034235527D500C40462 = {
						CreatedOnToolsVersion = 11.1;
					};
					1CB3104A235527D500C40462 = {
						CreatedOnToolsVersion = 11.1;
						TestTargetID = 1CB31034235527D500C40462;
					};
					1CB31055235527D500C40462 = {
						CreatedOnToolsVersion = 11.1;
						TestTargetID = 1CB31034235527D500C40462;
					};
				};
			};
			buildConfigurationList = 1CB31030235527D500C40462 /* Build configuration list for PBXProject "MileageGPSTrackingPOC" */;
			compatibilityVersion = "Xcode 9.3";
			developmentRegion = en;
			hasScannedForEncodings = 0;
			knownRegions = (
				en,
				Base,
			);
			mainGroup = 1CB3102C235527D500C40462;
			productRefGroup = 1CB31036235527D500C40462 /* Products */;
			projectDirPath = "";
			projectRoot = "";
			targets = (
				1CB31034235527D500C40462 /* MileageGPSTrackingPOC */,
				1CB3104A235527D500C40462 /* MileageGPSTrackingPOCTests */,
				1CB31055235527D500C40462 /* MileageGPSTrackingPOCUITests */,
			);
		};
/* End PBXProject section */

/* Begin PBXResourcesBuildPhase section */
		1CB31033235527D500C40462 /* Resources */ = {
			isa = PBXResourcesBuildPhase;
			buildActionMask = 2147483647;
			files = (
				1CE3B850235B10BA0024B2C4 /* PastTripTableViewCell.xib in Resources */,
				1CB31045235527D500C40462 /* LaunchScreen.storyboard in Resources */,
				1CB31042235527D500C40462 /* Assets.xcassets in Resources */,
				1CB31040235527D500C40462 /* Main.storyboard in Resources */,
			);
			runOnlyForDeploymentPostprocessing = 0;
		};
		1CB31049235527D500C40462 /* Resources */ = {
			isa = PBXResourcesBuildPhase;
			buildActionMask = 2147483647;
			files = (
			);
			runOnlyForDeploymentPostprocessing = 0;
		};
		1CB31054235527D500C40462 /* Resources */ = {
			isa = PBXResourcesBuildPhase;
			buildActionMask = 2147483647;
			files = (
			);
			runOnlyForDeploymentPostprocessing = 0;
		};
/* End PBXResourcesBuildPhase section */

/* Begin PBXSourcesBuildPhase section */
		1CB31031235527D500C40462 /* Sources */ = {
			isa = PBXSourcesBuildPhase;
			buildActionMask = 2147483647;
			files = (
				1CE3B84F235B10BA0024B2C4 /* PastTripTableViewCell.swift in Sources */,
				1CB310AB235677ED00C40462 /* MileageGPSTracking.xcdatamodeld in Sources */,
				1C3A59232357EE2D002A0E4E /* Location+MKAnnotation.swift in Sources */,
				1C3A592B2357F6AD002A0E4E /* TripLogsViewController.swift in Sources */,
				1CE3B84C235B0F800024B2C4 /* PastTripsViewController.swift in Sources */,
				1C3A593D235946BF002A0E4E /* CLActivityTypeExtension.swift in Sources */,
				1C3A593F23594723002A0E4E /* SettingsViewController+TableView.swift in Sources */,
				1C3A593B23594678002A0E4E /* LocationSettings.swift in Sources */,
				1CB310B52356983000C40462 /* UnitExtensions.swift in Sources */,
				1CB31039235527D500C40462 /* AppDelegate.swift in Sources */,
				1CB310A02356708000C40462 /* LocationManager.swift in Sources */,
				1CB3106C23552BC200C40462 /* StoryboardSupport.swift in Sources */,
				1CB310AE2356787F00C40462 /* CoreDataStack.swift in Sources */,
				1CB310A4235672EA00C40462 /* TripViewController.swift in Sources */,
				1CB310B42356983000C40462 /* FormatDisplay.swift in Sources */,
				1C3A593723594628002A0E4E /* LocationAccuracy.swift in Sources */,
				1C3A593923594643002A0E4E /* LocationDistanceFilter.swift in Sources */,
				1CE3B84A235B09190024B2C4 /* LocationSettingsServices.swift in Sources */,
				1C3A59352359188B002A0E4E /* SettingsViewController.swift in Sources */,
			);
			runOnlyForDeploymentPostprocessing = 0;
		};
		1CB31047235527D500C40462 /* Sources */ = {
			isa = PBXSourcesBuildPhase;
			buildActionMask = 2147483647;
			files = (
				1CB31050235527D500C40462 /* MileageGPSTrackingPOCTests.swift in Sources */,
			);
			runOnlyForDeploymentPostprocessing = 0;
		};
		1CB31052235527D500C40462 /* Sources */ = {
			isa = PBXSourcesBuildPhase;
			buildActionMask = 2147483647;
			files = (
				1CB3105B235527D500C40462 /* MileageGPSTrackingPOCUITests.swift in Sources */,
			);
			runOnlyForDeploymentPostprocessing = 0;
		};
/* End PBXSourcesBuildPhase section */

/* Begin PBXTargetDependency section */
		1CB3104D235527D500C40462 /* PBXTargetDependency */ = {
			isa = PBXTargetDependency;
			target = 1CB31034235527D500C40462 /* MileageGPSTrackingPOC */;
			targetProxy = 1CB3104C235527D500C40462 /* PBXContainerItemProxy */;
		};
		1CB31058235527D500C40462 /* PBXTargetDependency */ = {
			isa = PBXTargetDependency;
			target = 1CB31034235527D500C40462 /* MileageGPSTrackingPOC */;
			targetProxy = 1CB31057235527D500C40462 /* PBXContainerItemProxy */;
		};
/* End PBXTargetDependency section */

/* Begin PBXVariantGroup section */
		1CB3103E235527D500C40462 /* Main.storyboard */ = {
			isa = PBXVariantGroup;
			children = (
				1CB3103F235527D500C40462 /* Base */,
			);
			name = Main.storyboard;
			sourceTree = "<group>";
		};
		1CB31043235527D500C40462 /* LaunchScreen.storyboard */ = {
			isa = PBXVariantGroup;
			children = (
				1CB31044235527D500C40462 /* Base */,
			);
			name = LaunchScreen.storyboard;
			sourceTree = "<group>";
		};
/* End PBXVariantGroup section */

/* Begin XCBuildConfiguration section */
		1CB3105D235527D500C40462 /* Debug */ = {
			isa = XCBuildConfiguration;
			buildSettings = {
				ALWAYS_SEARCH_USER_PATHS = NO;
				CLANG_ANALYZER_NONNULL = YES;
				CLANG_ANALYZER_NUMBER_OBJECT_CONVERSION = YES_AGGRESSIVE;
				CLANG_CXX_LANGUAGE_STANDARD = "gnu++14";
				CLANG_CXX_LIBRARY = "libc++";
				CLANG_ENABLE_MODULES = YES;
				CLANG_ENABLE_OBJC_ARC = YES;
				CLANG_ENABLE_OBJC_WEAK = YES;
				CLANG_WARN_BLOCK_CAPTURE_AUTORELEASING = YES;
				CLANG_WARN_BOOL_CONVERSION = YES;
				CLANG_WARN_COMMA = YES;
				CLANG_WARN_CONSTANT_CONVERSION = YES;
				CLANG_WARN_DEPRECATED_OBJC_IMPLEMENTATIONS = YES;
				CLANG_WARN_DIRECT_OBJC_ISA_USAGE = YES_ERROR;
				CLANG_WARN_DOCUMENTATION_COMMENTS = YES;
				CLANG_WARN_EMPTY_BODY = YES;
				CLANG_WARN_ENUM_CONVERSION = YES;
				CLANG_WARN_INFINITE_RECURSION = YES;
				CLANG_WARN_INT_CONVERSION = YES;
				CLANG_WARN_NON_LITERAL_NULL_CONVERSION = YES;
				CLANG_WARN_OBJC_IMPLICIT_RETAIN_SELF = YES;
				CLANG_WARN_OBJC_LITERAL_CONVERSION = YES;
				CLANG_WARN_OBJC_ROOT_CLASS = YES_ERROR;
				CLANG_WARN_RANGE_LOOP_ANALYSIS = YES;
				CLANG_WARN_STRICT_PROTOTYPES = YES;
				CLANG_WARN_SUSPICIOUS_MOVE = YES;
				CLANG_WARN_UNGUARDED_AVAILABILITY = YES_AGGRESSIVE;
				CLANG_WARN_UNREACHABLE_CODE = YES;
				CLANG_WARN__DUPLICATE_METHOD_MATCH = YES;
				COPY_PHASE_STRIP = NO;
				DEBUG_INFORMATION_FORMAT = dwarf;
				ENABLE_STRICT_OBJC_MSGSEND = YES;
				ENABLE_TESTABILITY = YES;
				GCC_C_LANGUAGE_STANDARD = gnu11;
				GCC_DYNAMIC_NO_PIC = NO;
				GCC_NO_COMMON_BLOCKS = YES;
				GCC_OPTIMIZATION_LEVEL = 0;
				GCC_PREPROCESSOR_DEFINITIONS = (
					"DEBUG=1",
					"$(inherited)",
				);
				GCC_WARN_64_TO_32_BIT_CONVERSION = YES;
				GCC_WARN_ABOUT_RETURN_TYPE = YES_ERROR;
				GCC_WARN_UNDECLARED_SELECTOR = YES;
				GCC_WARN_UNINITIALIZED_AUTOS = YES_AGGRESSIVE;
				GCC_WARN_UNUSED_FUNCTION = YES;
				GCC_WARN_UNUSED_VARIABLE = YES;
				IPHONEOS_DEPLOYMENT_TARGET = 10.3;
				MTL_ENABLE_DEBUG_INFO = INCLUDE_SOURCE;
				MTL_FAST_MATH = YES;
				ONLY_ACTIVE_ARCH = YES;
				SDKROOT = iphoneos;
				SWIFT_ACTIVE_COMPILATION_CONDITIONS = DEBUG;
				SWIFT_OPTIMIZATION_LEVEL = "-Onone";
			};
			name = Debug;
		};
		1CB3105E235527D500C40462 /* Release */ = {
			isa = XCBuildConfiguration;
			buildSettings = {
				ALWAYS_SEARCH_USER_PATHS = NO;
				CLANG_ANALYZER_NONNULL = YES;
				CLANG_ANALYZER_NUMBER_OBJECT_CONVERSION = YES_AGGRESSIVE;
				CLANG_CXX_LANGUAGE_STANDARD = "gnu++14";
				CLANG_CXX_LIBRARY = "libc++";
				CLANG_ENABLE_MODULES = YES;
				CLANG_ENABLE_OBJC_ARC = YES;
				CLANG_ENABLE_OBJC_WEAK = YES;
				CLANG_WARN_BLOCK_CAPTURE_AUTORELEASING = YES;
				CLANG_WARN_BOOL_CONVERSION = YES;
				CLANG_WARN_COMMA = YES;
				CLANG_WARN_CONSTANT_CONVERSION = YES;
				CLANG_WARN_DEPRECATED_OBJC_IMPLEMENTATIONS = YES;
				CLANG_WARN_DIRECT_OBJC_ISA_USAGE = YES_ERROR;
				CLANG_WARN_DOCUMENTATION_COMMENTS = YES;
				CLANG_WARN_EMPTY_BODY = YES;
				CLANG_WARN_ENUM_CONVERSION = YES;
				CLANG_WARN_INFINITE_RECURSION = YES;
				CLANG_WARN_INT_CONVERSION = YES;
				CLANG_WARN_NON_LITERAL_NULL_CONVERSION = YES;
				CLANG_WARN_OBJC_IMPLICIT_RETAIN_SELF = YES;
				CLANG_WARN_OBJC_LITERAL_CONVERSION = YES;
				CLANG_WARN_OBJC_ROOT_CLASS = YES_ERROR;
				CLANG_WARN_RANGE_LOOP_ANALYSIS = YES;
				CLANG_WARN_STRICT_PROTOTYPES = YES;
				CLANG_WARN_SUSPICIOUS_MOVE = YES;
				CLANG_WARN_UNGUARDED_AVAILABILITY = YES_AGGRESSIVE;
				CLANG_WARN_UNREACHABLE_CODE = YES;
				CLANG_WARN__DUPLICATE_METHOD_MATCH = YES;
				COPY_PHASE_STRIP = NO;
				DEBUG_INFORMATION_FORMAT = "dwarf-with-dsym";
				ENABLE_NS_ASSERTIONS = NO;
				ENABLE_STRICT_OBJC_MSGSEND = YES;
				GCC_C_LANGUAGE_STANDARD = gnu11;
				GCC_NO_COMMON_BLOCKS = YES;
				GCC_WARN_64_TO_32_BIT_CONVERSION = YES;
				GCC_WARN_ABOUT_RETURN_TYPE = YES_ERROR;
				GCC_WARN_UNDECLARED_SELECTOR = YES;
				GCC_WARN_UNINITIALIZED_AUTOS = YES_AGGRESSIVE;
				GCC_WARN_UNUSED_FUNCTION = YES;
				GCC_WARN_UNUSED_VARIABLE = YES;
				IPHONEOS_DEPLOYMENT_TARGET = 10.3;
				MTL_ENABLE_DEBUG_INFO = NO;
				MTL_FAST_MATH = YES;
				SDKROOT = iphoneos;
				SWIFT_COMPILATION_MODE = wholemodule;
				SWIFT_OPTIMIZATION_LEVEL = "-O";
				VALIDATE_PRODUCT = YES;
			};
			name = Release;
		};
		1CB31060235527D500C40462 /* Debug */ = {
			isa = XCBuildConfiguration;
			buildSettings = {
				ASSETCATALOG_COMPILER_APPICON_NAME = AppIcon;
				CODE_SIGN_STYLE = Automatic;
				DEVELOPMENT_TEAM = EV6FA5QMY9;
				INFOPLIST_FILE = MileageGPSTrackingPOC/Info.plist;
				IPHONEOS_DEPLOYMENT_TARGET = 10.3;
				LD_RUNPATH_SEARCH_PATHS = (
					"$(inherited)",
					"@executable_path/Frameworks",
				);
				PRODUCT_BUNDLE_IDENTIFIER = irs.MileageGPSTrackingPOC;
				PRODUCT_NAME = "$(TARGET_NAME)";
				SWIFT_VERSION = 4.2;
				TARGETED_DEVICE_FAMILY = "1,2";
			};
			name = Debug;
		};
		1CB31061235527D500C40462 /* Release */ = {
			isa = XCBuildConfiguration;
			buildSettings = {
				ASSETCATALOG_COMPILER_APPICON_NAME = AppIcon;
				CODE_SIGN_STYLE = Automatic;
				DEVELOPMENT_TEAM = EV6FA5QMY9;
				INFOPLIST_FILE = MileageGPSTrackingPOC/Info.plist;
				IPHONEOS_DEPLOYMENT_TARGET = 10.3;
				LD_RUNPATH_SEARCH_PATHS = (
					"$(inherited)",
					"@executable_path/Frameworks",
				);
				PRODUCT_BUNDLE_IDENTIFIER = irs.MileageGPSTrackingPOC;
				PRODUCT_NAME = "$(TARGET_NAME)";
				SWIFT_VERSION = 4.2;
				TARGETED_DEVICE_FAMILY = "1,2";
			};
			name = Release;
		};
		1CB31063235527D500C40462 /* Debug */ = {
			isa = XCBuildConfiguration;
			buildSettings = {
				ALWAYS_EMBED_SWIFT_STANDARD_LIBRARIES = YES;
				BUNDLE_LOADER = "$(TEST_HOST)";
				CODE_SIGN_STYLE = Automatic;
				INFOPLIST_FILE = MileageGPSTrackingPOCTests/Info.plist;
				IPHONEOS_DEPLOYMENT_TARGET = 13.1;
				LD_RUNPATH_SEARCH_PATHS = (
					"$(inherited)",
					"@executable_path/Frameworks",
					"@loader_path/Frameworks",
				);
				PRODUCT_BUNDLE_IDENTIFIER = irs.MileageGPSTrackingPOCTests;
				PRODUCT_NAME = "$(TARGET_NAME)";
				SWIFT_VERSION = 5.0;
				TARGETED_DEVICE_FAMILY = "1,2";
				TEST_HOST = "$(BUILT_PRODUCTS_DIR)/MileageGPSTrackingPOC.app/MileageGPSTrackingPOC";
			};
			name = Debug;
		};
		1CB31064235527D500C40462 /* Release */ = {
			isa = XCBuildConfiguration;
			buildSettings = {
				ALWAYS_EMBED_SWIFT_STANDARD_LIBRARIES = YES;
				BUNDLE_LOADER = "$(TEST_HOST)";
				CODE_SIGN_STYLE = Automatic;
				INFOPLIST_FILE = MileageGPSTrackingPOCTests/Info.plist;
				IPHONEOS_DEPLOYMENT_TARGET = 13.1;
				LD_RUNPATH_SEARCH_PATHS = (
					"$(inherited)",
					"@executable_path/Frameworks",
					"@loader_path/Frameworks",
				);
				PRODUCT_BUNDLE_IDENTIFIER = irs.MileageGPSTrackingPOCTests;
				PRODUCT_NAME = "$(TARGET_NAME)";
				SWIFT_VERSION = 5.0;
				TARGETED_DEVICE_FAMILY = "1,2";
				TEST_HOST = "$(BUILT_PRODUCTS_DIR)/MileageGPSTrackingPOC.app/MileageGPSTrackingPOC";
			};
			name = Release;
		};
		1CB31066235527D500C40462 /* Debug */ = {
			isa = XCBuildConfiguration;
			buildSettings = {
				ALWAYS_EMBED_SWIFT_STANDARD_LIBRARIES = YES;
				CODE_SIGN_STYLE = Automatic;
				INFOPLIST_FILE = MileageGPSTrackingPOCUITests/Info.plist;
				LD_RUNPATH_SEARCH_PATHS = (
					"$(inherited)",
					"@executable_path/Frameworks",
					"@loader_path/Frameworks",
				);
				PRODUCT_BUNDLE_IDENTIFIER = irs.MileageGPSTrackingPOCUITests;
				PRODUCT_NAME = "$(TARGET_NAME)";
				SWIFT_VERSION = 5.0;
				TARGETED_DEVICE_FAMILY = "1,2";
				TEST_TARGET_NAME = MileageGPSTrackingPOC;
			};
			name = Debug;
		};
		1CB31067235527D500C40462 /* Release */ = {
			isa = XCBuildConfiguration;
			buildSettings = {
				ALWAYS_EMBED_SWIFT_STANDARD_LIBRARIES = YES;
				CODE_SIGN_STYLE = Automatic;
				INFOPLIST_FILE = MileageGPSTrackingPOCUITests/Info.plist;
				LD_RUNPATH_SEARCH_PATHS = (
					"$(inherited)",
					"@executable_path/Frameworks",
					"@loader_path/Frameworks",
				);
				PRODUCT_BUNDLE_IDENTIFIER = irs.MileageGPSTrackingPOCUITests;
				PRODUCT_NAME = "$(TARGET_NAME)";
				SWIFT_VERSION = 5.0;
				TARGETED_DEVICE_FAMILY = "1,2";
				TEST_TARGET_NAME = MileageGPSTrackingPOC;
			};
			name = Release;
		};
/* End XCBuildConfiguration section */

/* Begin XCConfigurationList section */
		1CB31030235527D500C40462 /* Build configuration list for PBXProject "MileageGPSTrackingPOC" */ = {
			isa = XCConfigurationList;
			buildConfigurations = (
				1CB3105D235527D500C40462 /* Debug */,
				1CB3105E235527D500C40462 /* Release */,
			);
			defaultConfigurationIsVisible = 0;
			defaultConfigurationName = Release;
		};
		1CB3105F235527D500C40462 /* Build configuration list for PBXNativeTarget "MileageGPSTrackingPOC" */ = {
			isa = XCConfigurationList;
			buildConfigurations = (
				1CB31060235527D500C40462 /* Debug */,
				1CB31061235527D500C40462 /* Release */,
			);
			defaultConfigurationIsVisible = 0;
			defaultConfigurationName = Release;
		};
		1CB31062235527D500C40462 /* Build configuration list for PBXNativeTarget "MileageGPSTrackingPOCTests" */ = {
			isa = XCConfigurationList;
			buildConfigurations = (
				1CB31063235527D500C40462 /* Debug */,
				1CB31064235527D500C40462 /* Release */,
			);
			defaultConfigurationIsVisible = 0;
			defaultConfigurationName = Release;
		};
		1CB31065235527D500C40462 /* Build configuration list for PBXNativeTarget "MileageGPSTrackingPOCUITests" */ = {
			isa = XCConfigurationList;
			buildConfigurations = (
				1CB31066235527D500C40462 /* Debug */,
				1CB31067235527D500C40462 /* Release */,
			);
			defaultConfigurationIsVisible = 0;
			defaultConfigurationName = Release;
		};
/* End XCConfigurationList section */

/* Begin XCVersionGroup section */
		1CB310A9235677ED00C40462 /* MileageGPSTracking.xcdatamodeld */ = {
			isa = XCVersionGroup;
			children = (
				1CB310AA235677ED00C40462 /* MileageGPSTracking.xcdatamodel */,
			);
			currentVersion = 1CB310AA235677ED00C40462 /* MileageGPSTracking.xcdatamodel */;
			path = MileageGPSTracking.xcdatamodeld;
			sourceTree = "<group>";
			versionGroupType = wrapper.xcdatamodel;
		};
/* End XCVersionGroup section */
	};
	rootObject = 1CB3102D235527D500C40462 /* Project object */;
}
